
Microsoft Visual Studio Solution File, Format Version 12.00
# Visual Studio 15
VisualStudioVersion = 15.0.28307.572
MinimumVisualStudioVersion = 10.0.40219.1
Project("{FAE04EC0-301F-11D3-BF4B-00C04F79EFBC}") = "ChatService", "ChatService\ChatService.csproj", "{4DBEF126-09BA-447B-8BE1-5FBF0C5B6B7A}"
EndProject
Global
	GlobalSection(SolutionConfigurationPlatforms) = preSolution
		Debug|Any CPU = Debug|Any CPU
		Release|Any CPU = Release|Any CPU
	EndGlobalSection
	GlobalSection(ProjectConfigurationPlatforms) = postSolution
		{4DBEF126-09BA-447B-8BE1-5FBF0C5B6B7A}.Debug|Any CPU.ActiveCfg = Debug|Any CPU
		{4DBEF126-09BA-447B-8BE1-5FBF0C5B6B7A}.Debug|Any CPU.Build.0 = Debug|Any CPU
		{4DBEF126-09BA-447B-8BE1-5FBF0C5B6B7A}.Release|Any CPU.ActiveCfg = Release|Any CPU
		{4DBEF126-09BA-447B-8BE1-5FBF0C5B6B7A}.Release|Any CPU.Build.0 = Release|Any CPU
	EndGlobalSection
	GlobalSection(SolutionProperties) = preSolution
		HideSolutionNode = FALSE
	EndGlobalSection
	GlobalSection(ExtensibilityGlobals) = postSolution
		SolutionGuid = {DFBA2187-90E1-463A-8921-0953D660915B}
	EndGlobalSection
EndGlobal
